
Microsoft Visual Studio Solution File, Format Version 12.00
# Visual Studio Version 17
VisualStudioVersion = 17.8.34330.188
MinimumVisualStudioVersion = 10.0.40219.1
Project("{FAE04EC0-301F-11D3-BF4B-00C04F79EFBC}") = "ShopCashes", "ShopCashes\ShopCashes.csproj", "{C979049F-8F6F-4389-86F4-AAE17FAB97FB}"
EndProject
Global
	GlobalSection(SolutionConfigurationPlatforms) = preSolution
		Debug|Any CPU = Debug|Any CPU
		Release|Any CPU = Release|Any CPU
	EndGlobalSection
	GlobalSection(ProjectConfigurationPlatforms) = postSolution
		{C979049F-8F6F-4389-86F4-AAE17FAB97FB}.Debug|Any CPU.ActiveCfg = Debug|Any CPU
		{C979049F-8F6F-4389-86F4-AAE17FAB97FB}.Debug|Any CPU.Build.0 = Debug|Any CPU
		{C979049F-8F6F-4389-86F4-AAE17FAB97FB}.Release|Any CPU.ActiveCfg = Release|Any CPU
		{C979049F-8F6F-4389-86F4-AAE17FAB97FB}.Release|Any CPU.Build.0 = Release|Any CPU
	EndGlobalSection
	GlobalSection(SolutionProperties) = preSolution
		HideSolutionNode = FALSE
	EndGlobalSection
	GlobalSection(ExtensibilityGlobals) = postSolution
		SolutionGuid = {E193D7FE-4AB9-4871-BFFE-FC3D9FDC8EE5}
	EndGlobalSection
EndGlobal
